
Microsoft Visual Studio Solution File, Format Version 12.00
# Visual Studio Version 17
VisualStudioVersion = 17.8.34309.116
MinimumVisualStudioVersion = 10.0.40219.1
Project("{FAE04EC0-301F-11D3-BF4B-00C04F79EFBC}") = "Quiz_Tanitsak_Api", "Quiz_Tanitsak_Api\Quiz_Tanitsak_Api.csproj", "{6B3F4032-30A5-4926-9ABF-2F4A5CD05D82}"
EndProject
Project("{FAE04EC0-301F-11D3-BF4B-00C04F79EFBC}") = "Quiz_Tanitsak_Ui", "Quiz_Tanitsak_Ui\Quiz_Tanitsak_Ui.csproj", "{A7782F39-3FE2-466F-917A-5BBB6206A713}"
EndProject
Global
	GlobalSection(SolutionConfigurationPlatforms) = preSolution
		Debug|Any CPU = Debug|Any CPU
		Release|Any CPU = Release|Any CPU
	EndGlobalSection
	GlobalSection(ProjectConfigurationPlatforms) = postSolution
		{6B3F4032-30A5-4926-9ABF-2F4A5CD05D82}.Debug|Any CPU.ActiveCfg = Debug|Any CPU
		{6B3F4032-30A5-4926-9ABF-2F4A5CD05D82}.Debug|Any CPU.Build.0 = Debug|Any CPU
		{6B3F4032-30A5-4926-9ABF-2F4A5CD05D82}.Release|Any CPU.ActiveCfg = Release|Any CPU
		{6B3F4032-30A5-4926-9ABF-2F4A5CD05D82}.Release|Any CPU.Build.0 = Release|Any CPU
		{A7782F39-3FE2-466F-917A-5BBB6206A713}.Debug|Any CPU.ActiveCfg = Debug|Any CPU
		{A7782F39-3FE2-466F-917A-5BBB6206A713}.Debug|Any CPU.Build.0 = Debug|Any CPU
		{A7782F39-3FE2-466F-917A-5BBB6206A713}.Release|Any CPU.ActiveCfg = Release|Any CPU
		{A7782F39-3FE2-466F-917A-5BBB6206A713}.Release|Any CPU.Build.0 = Release|Any CPU
	EndGlobalSection
	GlobalSection(SolutionProperties) = preSolution
		HideSolutionNode = FALSE
	EndGlobalSection
	GlobalSection(ExtensibilityGlobals) = postSolution
		SolutionGuid = {CDA5E6B8-AB7F-4D20-9A76-70BD11256556}
	EndGlobalSection
EndGlobal
